
Microsoft Visual Studio Solution File, Format Version 12.00
# Visual Studio 14
VisualStudioVersion = 14.0.25420.1
MinimumVisualStudioVersion = 10.0.40219.1
Project("{FAE04EC0-301F-11D3-BF4B-00C04F79EFBC}") = "ChessTest", "ChessTest\ChessTest.csproj", "{AD456DAD-627B-44CF-8375-0B7C3FB436F2}"
EndProject
Global
	GlobalSection(SolutionConfigurationPlatforms) = preSolution
		Debug|Any CPU = Debug|Any CPU
		Release|Any CPU = Release|Any CPU
	EndGlobalSection
	GlobalSection(ProjectConfigurationPlatforms) = postSolution
		{AD456DAD-627B-44CF-8375-0B7C3FB436F2}.Debug|Any CPU.ActiveCfg = Debug|Any CPU
		{AD456DAD-627B-44CF-8375-0B7C3FB436F2}.Debug|Any CPU.Build.0 = Debug|Any CPU
		{AD456DAD-627B-44CF-8375-0B7C3FB436F2}.Release|Any CPU.ActiveCfg = Release|Any CPU
		{AD456DAD-627B-44CF-8375-0B7C3FB436F2}.Release|Any CPU.Build.0 = Release|Any CPU
	EndGlobalSection
	GlobalSection(SolutionProperties) = preSolution
		HideSolutionNode = FALSE
	EndGlobalSection
EndGlobal
