
Microsoft Visual Studio Solution File, Format Version 12.00
# Visual Studio 14
VisualStudioVersion = 14.0.25420.1
MinimumVisualStudioVersion = 10.0.40219.1
Project("{FAE04EC0-301F-11D3-BF4B-00C04F79EFBC}") = "Chess.Core", "Chess.Core\Chess.Core.csproj", "{6CE49514-A7D3-4309-8C20-EC4A3ACABFBB}"
EndProject
Project("{FAE04EC0-301F-11D3-BF4B-00C04F79EFBC}") = "Chess.Core.Tests", "Chess.Core.Tests\Chess.Core.Tests.csproj", "{871C797C-B7ED-4379-8285-F1EED5E9ED58}"
EndProject
Project("{FAE04EC0-301F-11D3-BF4B-00C04F79EFBC}") = "Chess.BoardWatch", "Chess.BoardWatch\Chess.BoardWatch.csproj", "{A9821605-AC3C-4F6F-9517-588576D5A0DD}"
EndProject
Project("{FAE04EC0-301F-11D3-BF4B-00C04F79EFBC}") = "Chess.WebAPI", "Chess.WebAPI\Chess.WebAPI.csproj", "{1739F6EF-BA5E-4C0E-9430-7E5E1358E66A}"
EndProject
Project("{FAE04EC0-301F-11D3-BF4B-00C04F79EFBC}") = "Chess.Board.Client", "Chess.Board.Client\Chess.Board.Client.csproj", "{EDCC5637-A58A-4E5C-A4B6-92DE7094A88D}"
EndProject
Project("{FAE04EC0-301F-11D3-BF4B-00C04F79EFBC}") = "Chess.WebApi.Client", "Chess.WebApi.Client\Chess.WebApi.Client.csproj", "{6DB68F61-E5C0-48BD-9099-26025E596811}"
EndProject
Project("{FAE04EC0-301F-11D3-BF4B-00C04F79EFBC}") = "Chess.WebAPIClient", "Chess.WebAPIClient\Chess.WebAPIClient.csproj", "{A4B015DD-9582-4C06-A3EF-32EBF98D5055}"
EndProject
Global
	GlobalSection(SolutionConfigurationPlatforms) = preSolution
		Debug|Any CPU = Debug|Any CPU
		Debug|ARM = Debug|ARM
		Debug|x64 = Debug|x64
		Debug|x86 = Debug|x86
		Release|Any CPU = Release|Any CPU
		Release|ARM = Release|ARM
		Release|x64 = Release|x64
		Release|x86 = Release|x86
	EndGlobalSection
	GlobalSection(ProjectConfigurationPlatforms) = postSolution
		{6CE49514-A7D3-4309-8C20-EC4A3ACABFBB}.Debug|Any CPU.ActiveCfg = Debug|Any CPU
		{6CE49514-A7D3-4309-8C20-EC4A3ACABFBB}.Debug|Any CPU.Build.0 = Debug|Any CPU
		{6CE49514-A7D3-4309-8C20-EC4A3ACABFBB}.Debug|ARM.ActiveCfg = Debug|Any CPU
		{6CE49514-A7D3-4309-8C20-EC4A3ACABFBB}.Debug|ARM.Build.0 = Debug|Any CPU
		{6CE49514-A7D3-4309-8C20-EC4A3ACABFBB}.Debug|x64.ActiveCfg = Debug|Any CPU
		{6CE49514-A7D3-4309-8C20-EC4A3ACABFBB}.Debug|x64.Build.0 = Debug|Any CPU
		{6CE49514-A7D3-4309-8C20-EC4A3ACABFBB}.Debug|x86.ActiveCfg = Debug|Any CPU
		{6CE49514-A7D3-4309-8C20-EC4A3ACABFBB}.Debug|x86.Build.0 = Debug|Any CPU
		{6CE49514-A7D3-4309-8C20-EC4A3ACABFBB}.Release|Any CPU.ActiveCfg = Release|Any CPU
		{6CE49514-A7D3-4309-8C20-EC4A3ACABFBB}.Release|Any CPU.Build.0 = Release|Any CPU
		{6CE49514-A7D3-4309-8C20-EC4A3ACABFBB}.Release|ARM.ActiveCfg = Release|Any CPU
		{6CE49514-A7D3-4309-8C20-EC4A3ACABFBB}.Release|ARM.Build.0 = Release|Any CPU
		{6CE49514-A7D3-4309-8C20-EC4A3ACABFBB}.Release|x64.ActiveCfg = Release|Any CPU
		{6CE49514-A7D3-4309-8C20-EC4A3ACABFBB}.Release|x64.Build.0 = Release|Any CPU
		{6CE49514-A7D3-4309-8C20-EC4A3ACABFBB}.Release|x86.ActiveCfg = Release|Any CPU
		{6CE49514-A7D3-4309-8C20-EC4A3ACABFBB}.Release|x86.Build.0 = Release|Any CPU
		{871C797C-B7ED-4379-8285-F1EED5E9ED58}.Debug|Any CPU.ActiveCfg = Debug|Any CPU
		{871C797C-B7ED-4379-8285-F1EED5E9ED58}.Debug|Any CPU.Build.0 = Debug|Any CPU
		{871C797C-B7ED-4379-8285-F1EED5E9ED58}.Debug|ARM.ActiveCfg = Debug|Any CPU
		{871C797C-B7ED-4379-8285-F1EED5E9ED58}.Debug|ARM.Build.0 = Debug|Any CPU
		{871C797C-B7ED-4379-8285-F1EED5E9ED58}.Debug|x64.ActiveCfg = Debug|Any CPU
		{871C797C-B7ED-4379-8285-F1EED5E9ED58}.Debug|x64.Build.0 = Debug|Any CPU
		{871C797C-B7ED-4379-8285-F1EED5E9ED58}.Debug|x86.ActiveCfg = Debug|Any CPU
		{871C797C-B7ED-4379-8285-F1EED5E9ED58}.Debug|x86.Build.0 = Debug|Any CPU
		{871C797C-B7ED-4379-8285-F1EED5E9ED58}.Release|Any CPU.ActiveCfg = Release|Any CPU
		{871C797C-B7ED-4379-8285-F1EED5E9ED58}.Release|Any CPU.Build.0 = Release|Any CPU
		{871C797C-B7ED-4379-8285-F1EED5E9ED58}.Release|ARM.ActiveCfg = Release|Any CPU
		{871C797C-B7ED-4379-8285-F1EED5E9ED58}.Release|ARM.Build.0 = Release|Any CPU
		{871C797C-B7ED-4379-8285-F1EED5E9ED58}.Release|x64.ActiveCfg = Release|Any CPU
		{871C797C-B7ED-4379-8285-F1EED5E9ED58}.Release|x64.Build.0 = Release|Any CPU
		{871C797C-B7ED-4379-8285-F1EED5E9ED58}.Release|x86.ActiveCfg = Release|Any CPU
		{871C797C-B7ED-4379-8285-F1EED5E9ED58}.Release|x86.Build.0 = Release|Any CPU
		{A9821605-AC3C-4F6F-9517-588576D5A0DD}.Debug|Any CPU.ActiveCfg = Debug|Any CPU
		{A9821605-AC3C-4F6F-9517-588576D5A0DD}.Debug|Any CPU.Build.0 = Debug|Any CPU
		{A9821605-AC3C-4F6F-9517-588576D5A0DD}.Debug|ARM.ActiveCfg = Debug|Any CPU
		{A9821605-AC3C-4F6F-9517-588576D5A0DD}.Debug|ARM.Build.0 = Debug|Any CPU
		{A9821605-AC3C-4F6F-9517-588576D5A0DD}.Debug|x64.ActiveCfg = Debug|Any CPU
		{A9821605-AC3C-4F6F-9517-588576D5A0DD}.Debug|x64.Build.0 = Debug|Any CPU
		{A9821605-AC3C-4F6F-9517-588576D5A0DD}.Debug|x86.ActiveCfg = Debug|Any CPU
		{A9821605-AC3C-4F6F-9517-588576D5A0DD}.Debug|x86.Build.0 = Debug|Any CPU
		{A9821605-AC3C-4F6F-9517-588576D5A0DD}.Release|Any CPU.ActiveCfg = Release|Any CPU
		{A9821605-AC3C-4F6F-9517-588576D5A0DD}.Release|Any CPU.Build.0 = Release|Any CPU
		{A9821605-AC3C-4F6F-9517-588576D5A0DD}.Release|ARM.ActiveCfg = Release|Any CPU
		{A9821605-AC3C-4F6F-9517-588576D5A0DD}.Release|ARM.Build.0 = Release|Any CPU
		{A9821605-AC3C-4F6F-9517-588576D5A0DD}.Release|x64.ActiveCfg = Release|Any CPU
		{A9821605-AC3C-4F6F-9517-588576D5A0DD}.Release|x64.Build.0 = Release|Any CPU
		{A9821605-AC3C-4F6F-9517-588576D5A0DD}.Release|x86.ActiveCfg = Release|Any CPU
		{A9821605-AC3C-4F6F-9517-588576D5A0DD}.Release|x86.Build.0 = Release|Any CPU
		{1739F6EF-BA5E-4C0E-9430-7E5E1358E66A}.Debug|Any CPU.ActiveCfg = Debug|Any CPU
		{1739F6EF-BA5E-4C0E-9430-7E5E1358E66A}.Debug|Any CPU.Build.0 = Debug|Any CPU
		{1739F6EF-BA5E-4C0E-9430-7E5E1358E66A}.Debug|ARM.ActiveCfg = Debug|Any CPU
		{1739F6EF-BA5E-4C0E-9430-7E5E1358E66A}.Debug|ARM.Build.0 = Debug|Any CPU
		{1739F6EF-BA5E-4C0E-9430-7E5E1358E66A}.Debug|x64.ActiveCfg = Debug|Any CPU
		{1739F6EF-BA5E-4C0E-9430-7E5E1358E66A}.Debug|x64.Build.0 = Debug|Any CPU
		{1739F6EF-BA5E-4C0E-9430-7E5E1358E66A}.Debug|x86.ActiveCfg = Debug|Any CPU
		{1739F6EF-BA5E-4C0E-9430-7E5E1358E66A}.Debug|x86.Build.0 = Debug|Any CPU
		{1739F6EF-BA5E-4C0E-9430-7E5E1358E66A}.Release|Any CPU.ActiveCfg = Release|Any CPU
		{1739F6EF-BA5E-4C0E-9430-7E5E1358E66A}.Release|Any CPU.Build.0 = Release|Any CPU
		{1739F6EF-BA5E-4C0E-9430-7E5E1358E66A}.Release|ARM.ActiveCfg = Release|Any CPU
		{1739F6EF-BA5E-4C0E-9430-7E5E1358E66A}.Release|ARM.Build.0 = Release|Any CPU
		{1739F6EF-BA5E-4C0E-9430-7E5E1358E66A}.Release|x64.ActiveCfg = Release|Any CPU
		{1739F6EF-BA5E-4C0E-9430-7E5E1358E66A}.Release|x64.Build.0 = Release|Any CPU
		{1739F6EF-BA5E-4C0E-9430-7E5E1358E66A}.Release|x86.ActiveCfg = Release|Any CPU
		{1739F6EF-BA5E-4C0E-9430-7E5E1358E66A}.Release|x86.Build.0 = Release|Any CPU
		{EDCC5637-A58A-4E5C-A4B6-92DE7094A88D}.Debug|Any CPU.ActiveCfg = Debug|x86
		{EDCC5637-A58A-4E5C-A4B6-92DE7094A88D}.Debug|ARM.ActiveCfg = Debug|ARM
		{EDCC5637-A58A-4E5C-A4B6-92DE7094A88D}.Debug|ARM.Build.0 = Debug|ARM
		{EDCC5637-A58A-4E5C-A4B6-92DE7094A88D}.Debug|ARM.Deploy.0 = Debug|ARM
		{EDCC5637-A58A-4E5C-A4B6-92DE7094A88D}.Debug|x64.ActiveCfg = Debug|x64
		{EDCC5637-A58A-4E5C-A4B6-92DE7094A88D}.Debug|x64.Build.0 = Debug|x64
		{EDCC5637-A58A-4E5C-A4B6-92DE7094A88D}.Debug|x64.Deploy.0 = Debug|x64
		{EDCC5637-A58A-4E5C-A4B6-92DE7094A88D}.Debug|x86.ActiveCfg = Debug|x86
		{EDCC5637-A58A-4E5C-A4B6-92DE7094A88D}.Debug|x86.Build.0 = Debug|x86
		{EDCC5637-A58A-4E5C-A4B6-92DE7094A88D}.Debug|x86.Deploy.0 = Debug|x86
		{EDCC5637-A58A-4E5C-A4B6-92DE7094A88D}.Release|Any CPU.ActiveCfg = Release|x86
		{EDCC5637-A58A-4E5C-A4B6-92DE7094A88D}.Release|ARM.ActiveCfg = Release|ARM
		{EDCC5637-A58A-4E5C-A4B6-92DE7094A88D}.Release|ARM.Build.0 = Release|ARM
		{EDCC5637-A58A-4E5C-A4B6-92DE7094A88D}.Release|ARM.Deploy.0 = Release|ARM
		{EDCC5637-A58A-4E5C-A4B6-92DE7094A88D}.Release|x64.ActiveCfg = Release|x64
		{EDCC5637-A58A-4E5C-A4B6-92DE7094A88D}.Release|x64.Build.0 = Release|x64
		{EDCC5637-A58A-4E5C-A4B6-92DE7094A88D}.Release|x64.Deploy.0 = Release|x64
		{EDCC5637-A58A-4E5C-A4B6-92DE7094A88D}.Release|x86.ActiveCfg = Release|x86
		{EDCC5637-A58A-4E5C-A4B6-92DE7094A88D}.Release|x86.Build.0 = Release|x86
		{EDCC5637-A58A-4E5C-A4B6-92DE7094A88D}.Release|x86.Deploy.0 = Release|x86
		{6DB68F61-E5C0-48BD-9099-26025E596811}.Debug|Any CPU.ActiveCfg = Debug|Any CPU
		{6DB68F61-E5C0-48BD-9099-26025E596811}.Debug|Any CPU.Build.0 = Debug|Any CPU
		{6DB68F61-E5C0-48BD-9099-26025E596811}.Debug|ARM.ActiveCfg = Debug|Any CPU
		{6DB68F61-E5C0-48BD-9099-26025E596811}.Debug|ARM.Build.0 = Debug|Any CPU
		{6DB68F61-E5C0-48BD-9099-26025E596811}.Debug|x64.ActiveCfg = Debug|Any CPU
		{6DB68F61-E5C0-48BD-9099-26025E596811}.Debug|x64.Build.0 = Debug|Any CPU
		{6DB68F61-E5C0-48BD-9099-26025E596811}.Debug|x86.ActiveCfg = Debug|Any CPU
		{6DB68F61-E5C0-48BD-9099-26025E596811}.Debug|x86.Build.0 = Debug|Any CPU
		{6DB68F61-E5C0-48BD-9099-26025E596811}.Release|Any CPU.ActiveCfg = Release|Any CPU
		{6DB68F61-E5C0-48BD-9099-26025E596811}.Release|Any CPU.Build.0 = Release|Any CPU
		{6DB68F61-E5C0-48BD-9099-26025E596811}.Release|ARM.ActiveCfg = Release|Any CPU
		{6DB68F61-E5C0-48BD-9099-26025E596811}.Release|ARM.Build.0 = Release|Any CPU
		{6DB68F61-E5C0-48BD-9099-26025E596811}.Release|x64.ActiveCfg = Release|Any CPU
		{6DB68F61-E5C0-48BD-9099-26025E596811}.Release|x64.Build.0 = Release|Any CPU
		{6DB68F61-E5C0-48BD-9099-26025E596811}.Release|x86.ActiveCfg = Release|Any CPU
		{6DB68F61-E5C0-48BD-9099-26025E596811}.Release|x86.Build.0 = Release|Any CPU
		{A4B015DD-9582-4C06-A3EF-32EBF98D5055}.Debug|Any CPU.ActiveCfg = Debug|Any CPU
		{A4B015DD-9582-4C06-A3EF-32EBF98D5055}.Debug|Any CPU.Build.0 = Debug|Any CPU
		{A4B015DD-9582-4C06-A3EF-32EBF98D5055}.Debug|ARM.ActiveCfg = Debug|Any CPU
		{A4B015DD-9582-4C06-A3EF-32EBF98D5055}.Debug|ARM.Build.0 = Debug|Any CPU
		{A4B015DD-9582-4C06-A3EF-32EBF98D5055}.Debug|x64.ActiveCfg = Debug|Any CPU
		{A4B015DD-9582-4C06-A3EF-32EBF98D5055}.Debug|x64.Build.0 = Debug|Any CPU
		{A4B015DD-9582-4C06-A3EF-32EBF98D5055}.Debug|x86.ActiveCfg = Debug|Any CPU
		{A4B015DD-9582-4C06-A3EF-32EBF98D5055}.Debug|x86.Build.0 = Debug|Any CPU
		{A4B015DD-9582-4C06-A3EF-32EBF98D5055}.Release|Any CPU.ActiveCfg = Release|Any CPU
		{A4B015DD-9582-4C06-A3EF-32EBF98D5055}.Release|Any CPU.Build.0 = Release|Any CPU
		{A4B015DD-9582-4C06-A3EF-32EBF98D5055}.Release|ARM.ActiveCfg = Release|Any CPU
		{A4B015DD-9582-4C06-A3EF-32EBF98D5055}.Release|ARM.Build.0 = Release|Any CPU
		{A4B015DD-9582-4C06-A3EF-32EBF98D5055}.Release|x64.ActiveCfg = Release|Any CPU
		{A4B015DD-9582-4C06-A3EF-32EBF98D5055}.Release|x64.Build.0 = Release|Any CPU
		{A4B015DD-9582-4C06-A3EF-32EBF98D5055}.Release|x86.ActiveCfg = Release|Any CPU
		{A4B015DD-9582-4C06-A3EF-32EBF98D5055}.Release|x86.Build.0 = Release|Any CPU
	EndGlobalSection
	GlobalSection(SolutionProperties) = preSolution
		HideSolutionNode = FALSE
	EndGlobalSection
EndGlobal
