
Microsoft Visual Studio Solution File, Format Version 12.00
# Visual Studio 14
VisualStudioVersion = 14.0.25420.1
MinimumVisualStudioVersion = 10.0.40219.1
Project("{FAE04EC0-301F-11D3-BF4B-00C04F79EFBC}") = "Chess.Core", "Chess.Core\Chess.Core.csproj", "{6CE49514-A7D3-4309-8C20-EC4A3ACABFBB}"
EndProject
Project("{FAE04EC0-301F-11D3-BF4B-00C04F79EFBC}") = "Chess.Core.Tests", "Chess.Core.Tests\Chess.Core.Tests.csproj", "{871C797C-B7ED-4379-8285-F1EED5E9ED58}"
EndProject
Project("{FAE04EC0-301F-11D3-BF4B-00C04F79EFBC}") = "Chess.BoardWatch", "Chess.BoardWatch\Chess.BoardWatch.csproj", "{A9821605-AC3C-4F6F-9517-588576D5A0DD}"
EndProject
Project("{FAE04EC0-301F-11D3-BF4B-00C04F79EFBC}") = "Chess.WebAPI", "Chess.WebAPI\Chess.WebAPI.csproj", "{1739F6EF-BA5E-4C0E-9430-7E5E1358E66A}"
EndProject
Global
	GlobalSection(SolutionConfigurationPlatforms) = preSolution
		Debug|Any CPU = Debug|Any CPU
		Release|Any CPU = Release|Any CPU
	EndGlobalSection
	GlobalSection(ProjectConfigurationPlatforms) = postSolution
		{6CE49514-A7D3-4309-8C20-EC4A3ACABFBB}.Debug|Any CPU.ActiveCfg = Debug|Any CPU
		{6CE49514-A7D3-4309-8C20-EC4A3ACABFBB}.Debug|Any CPU.Build.0 = Debug|Any CPU
		{6CE49514-A7D3-4309-8C20-EC4A3ACABFBB}.Release|Any CPU.ActiveCfg = Release|Any CPU
		{6CE49514-A7D3-4309-8C20-EC4A3ACABFBB}.Release|Any CPU.Build.0 = Release|Any CPU
		{871C797C-B7ED-4379-8285-F1EED5E9ED58}.Debug|Any CPU.ActiveCfg = Debug|Any CPU
		{871C797C-B7ED-4379-8285-F1EED5E9ED58}.Debug|Any CPU.Build.0 = Debug|Any CPU
		{871C797C-B7ED-4379-8285-F1EED5E9ED58}.Release|Any CPU.ActiveCfg = Release|Any CPU
		{871C797C-B7ED-4379-8285-F1EED5E9ED58}.Release|Any CPU.Build.0 = Release|Any CPU
		{A9821605-AC3C-4F6F-9517-588576D5A0DD}.Debug|Any CPU.ActiveCfg = Debug|Any CPU
		{A9821605-AC3C-4F6F-9517-588576D5A0DD}.Debug|Any CPU.Build.0 = Debug|Any CPU
		{A9821605-AC3C-4F6F-9517-588576D5A0DD}.Release|Any CPU.ActiveCfg = Release|Any CPU
		{A9821605-AC3C-4F6F-9517-588576D5A0DD}.Release|Any CPU.Build.0 = Release|Any CPU
		{1739F6EF-BA5E-4C0E-9430-7E5E1358E66A}.Debug|Any CPU.ActiveCfg = Debug|Any CPU
		{1739F6EF-BA5E-4C0E-9430-7E5E1358E66A}.Debug|Any CPU.Build.0 = Debug|Any CPU
		{1739F6EF-BA5E-4C0E-9430-7E5E1358E66A}.Release|Any CPU.ActiveCfg = Release|Any CPU
		{1739F6EF-BA5E-4C0E-9430-7E5E1358E66A}.Release|Any CPU.Build.0 = Release|Any CPU
	EndGlobalSection
	GlobalSection(SolutionProperties) = preSolution
		HideSolutionNode = FALSE
	EndGlobalSection
EndGlobal
